
Microsoft Visual Studio Solution File, Format Version 12.00
# Visual Studio Version 16
VisualStudioVersion = 16.0.29201.188
MinimumVisualStudioVersion = 10.0.40219.1
Project("{FAE04EC0-301F-11D3-BF4B-00C04F79EFBC}") = "WebApplicationCEP", "WebApplicationCEP\WebApplicationCEP.csproj", "{4EADDFE2-62E9-4431-8EF7-FC8CADDFBEE6}"
EndProject
Global
	GlobalSection(SolutionConfigurationPlatforms) = preSolution
		Debug|Any CPU = Debug|Any CPU
		Release|Any CPU = Release|Any CPU
	EndGlobalSection
	GlobalSection(ProjectConfigurationPlatforms) = postSolution
		{4EADDFE2-62E9-4431-8EF7-FC8CADDFBEE6}.Debug|Any CPU.ActiveCfg = Debug|Any CPU
		{4EADDFE2-62E9-4431-8EF7-FC8CADDFBEE6}.Debug|Any CPU.Build.0 = Debug|Any CPU
		{4EADDFE2-62E9-4431-8EF7-FC8CADDFBEE6}.Release|Any CPU.ActiveCfg = Release|Any CPU
		{4EADDFE2-62E9-4431-8EF7-FC8CADDFBEE6}.Release|Any CPU.Build.0 = Release|Any CPU
	EndGlobalSection
	GlobalSection(SolutionProperties) = preSolution
		HideSolutionNode = FALSE
	EndGlobalSection
	GlobalSection(ExtensibilityGlobals) = postSolution
		SolutionGuid = {E9E3DA89-53EF-4726-9B1E-7BD4CC50E539}
	EndGlobalSection
EndGlobal
