
Microsoft Visual Studio Solution File, Format Version 12.00
# Visual Studio Version 16
VisualStudioVersion = 16.0.29123.88
MinimumVisualStudioVersion = 10.0.40219.1
Project("{FAE04EC0-301F-11D3-BF4B-00C04F79EFBC}") = "Carros", "Carros\Carros.csproj", "{81E4625B-1537-4B04-9264-EC191DEFE824}"
EndProject
Global
	GlobalSection(SolutionConfigurationPlatforms) = preSolution
		Debug|Any CPU = Debug|Any CPU
		Release|Any CPU = Release|Any CPU
	EndGlobalSection
	GlobalSection(ProjectConfigurationPlatforms) = postSolution
		{81E4625B-1537-4B04-9264-EC191DEFE824}.Debug|Any CPU.ActiveCfg = Debug|Any CPU
		{81E4625B-1537-4B04-9264-EC191DEFE824}.Debug|Any CPU.Build.0 = Debug|Any CPU
		{81E4625B-1537-4B04-9264-EC191DEFE824}.Release|Any CPU.ActiveCfg = Release|Any CPU
		{81E4625B-1537-4B04-9264-EC191DEFE824}.Release|Any CPU.Build.0 = Release|Any CPU
	EndGlobalSection
	GlobalSection(SolutionProperties) = preSolution
		HideSolutionNode = FALSE
	EndGlobalSection
	GlobalSection(ExtensibilityGlobals) = postSolution
		SolutionGuid = {C5FB31C0-AFAB-495F-85E0-BA905C903C2A}
	EndGlobalSection
EndGlobal
