
Microsoft Visual Studio Solution File, Format Version 12.00
# Visual Studio Version 16
VisualStudioVersion = 16.0.29201.188
MinimumVisualStudioVersion = 10.0.40219.1
Project("{FAE04EC0-301F-11D3-BF4B-00C04F79EFBC}") = "WebApplication", "WebApplication\WebApplication.csproj", "{4A77365E-F26A-49EE-BAA0-E3BBE97D4C77}"
EndProject
Global
	GlobalSection(SolutionConfigurationPlatforms) = preSolution
		Debug|Any CPU = Debug|Any CPU
		Release|Any CPU = Release|Any CPU
	EndGlobalSection
	GlobalSection(ProjectConfigurationPlatforms) = postSolution
		{4A77365E-F26A-49EE-BAA0-E3BBE97D4C77}.Debug|Any CPU.ActiveCfg = Debug|Any CPU
		{4A77365E-F26A-49EE-BAA0-E3BBE97D4C77}.Debug|Any CPU.Build.0 = Debug|Any CPU
		{4A77365E-F26A-49EE-BAA0-E3BBE97D4C77}.Release|Any CPU.ActiveCfg = Release|Any CPU
		{4A77365E-F26A-49EE-BAA0-E3BBE97D4C77}.Release|Any CPU.Build.0 = Release|Any CPU
	EndGlobalSection
	GlobalSection(SolutionProperties) = preSolution
		HideSolutionNode = FALSE
	EndGlobalSection
	GlobalSection(ExtensibilityGlobals) = postSolution
		SolutionGuid = {B895D75B-4FB7-435A-B60D-795F68A70C0D}
	EndGlobalSection
EndGlobal
