
Microsoft Visual Studio Solution File, Format Version 12.00
# Visual Studio Version 16
VisualStudioVersion = 16.0.29201.188
MinimumVisualStudioVersion = 10.0.40219.1
Project("{FAE04EC0-301F-11D3-BF4B-00C04F79EFBC}") = "WebApplicationCPF", "WebApplicationCPF\WebApplicationCPF.csproj", "{C04500E1-CBB4-4BC9-9018-FE1DC8586A49}"
EndProject
Global
	GlobalSection(SolutionConfigurationPlatforms) = preSolution
		Debug|Any CPU = Debug|Any CPU
		Release|Any CPU = Release|Any CPU
	EndGlobalSection
	GlobalSection(ProjectConfigurationPlatforms) = postSolution
		{C04500E1-CBB4-4BC9-9018-FE1DC8586A49}.Debug|Any CPU.ActiveCfg = Debug|Any CPU
		{C04500E1-CBB4-4BC9-9018-FE1DC8586A49}.Debug|Any CPU.Build.0 = Debug|Any CPU
		{C04500E1-CBB4-4BC9-9018-FE1DC8586A49}.Release|Any CPU.ActiveCfg = Release|Any CPU
		{C04500E1-CBB4-4BC9-9018-FE1DC8586A49}.Release|Any CPU.Build.0 = Release|Any CPU
	EndGlobalSection
	GlobalSection(SolutionProperties) = preSolution
		HideSolutionNode = FALSE
	EndGlobalSection
	GlobalSection(ExtensibilityGlobals) = postSolution
		SolutionGuid = {6AF31ADA-A460-4FC4-ACCA-F7937DE5D34C}
	EndGlobalSection
EndGlobal
