
Microsoft Visual Studio Solution File, Format Version 12.00
# Visual Studio Version 16
VisualStudioVersion = 16.0.29020.237
MinimumVisualStudioVersion = 10.0.40219.1
Project("{FAE04EC0-301F-11D3-BF4B-00C04F79EFBC}") = "Form Lanchonete", "Form Lanchonete\Form Lanchonete.csproj", "{5C1FE6D0-0646-4009-B9A1-F76B5E8264EB}"
EndProject
Global
	GlobalSection(SolutionConfigurationPlatforms) = preSolution
		Debug|Any CPU = Debug|Any CPU
		Release|Any CPU = Release|Any CPU
	EndGlobalSection
	GlobalSection(ProjectConfigurationPlatforms) = postSolution
		{5C1FE6D0-0646-4009-B9A1-F76B5E8264EB}.Debug|Any CPU.ActiveCfg = Debug|Any CPU
		{5C1FE6D0-0646-4009-B9A1-F76B5E8264EB}.Debug|Any CPU.Build.0 = Debug|Any CPU
		{5C1FE6D0-0646-4009-B9A1-F76B5E8264EB}.Release|Any CPU.ActiveCfg = Release|Any CPU
		{5C1FE6D0-0646-4009-B9A1-F76B5E8264EB}.Release|Any CPU.Build.0 = Release|Any CPU
	EndGlobalSection
	GlobalSection(SolutionProperties) = preSolution
		HideSolutionNode = FALSE
	EndGlobalSection
	GlobalSection(ExtensibilityGlobals) = postSolution
		SolutionGuid = {45C35BAD-4F6F-489E-A847-376C8B1635FA}
	EndGlobalSection
EndGlobal
