
Microsoft Visual Studio Solution File, Format Version 12.00
# Visual Studio Version 16
VisualStudioVersion = 16.0.29020.237
MinimumVisualStudioVersion = 10.0.40219.1
Project("{FAE04EC0-301F-11D3-BF4B-00C04F79EFBC}") = "MyFirstWinForm", "MyFirstWinForm\MyFirstWinForm.csproj", "{4D682D70-56C5-4F23-8019-422190B21165}"
EndProject
Global
	GlobalSection(SolutionConfigurationPlatforms) = preSolution
		Debug|Any CPU = Debug|Any CPU
		Release|Any CPU = Release|Any CPU
	EndGlobalSection
	GlobalSection(ProjectConfigurationPlatforms) = postSolution
		{4D682D70-56C5-4F23-8019-422190B21165}.Debug|Any CPU.ActiveCfg = Debug|Any CPU
		{4D682D70-56C5-4F23-8019-422190B21165}.Debug|Any CPU.Build.0 = Debug|Any CPU
		{4D682D70-56C5-4F23-8019-422190B21165}.Release|Any CPU.ActiveCfg = Release|Any CPU
		{4D682D70-56C5-4F23-8019-422190B21165}.Release|Any CPU.Build.0 = Release|Any CPU
	EndGlobalSection
	GlobalSection(SolutionProperties) = preSolution
		HideSolutionNode = FALSE
	EndGlobalSection
	GlobalSection(ExtensibilityGlobals) = postSolution
		SolutionGuid = {510B765F-1855-410E-AB32-F8DFE9AB76BA}
	EndGlobalSection
EndGlobal
