
Microsoft Visual Studio Solution File, Format Version 12.00
# Visual Studio Version 16
VisualStudioVersion = 16.0.29020.237
MinimumVisualStudioVersion = 10.0.40219.1
Project("{FAE04EC0-301F-11D3-BF4B-00C04F79EFBC}") = "Casio_Fx_911", "Casio_Fx_911\Casio_Fx_911.csproj", "{5F0EE6C3-1889-4C57-AC89-53D801930056}"
EndProject
Global
	GlobalSection(SolutionConfigurationPlatforms) = preSolution
		Debug|Any CPU = Debug|Any CPU
		Release|Any CPU = Release|Any CPU
	EndGlobalSection
	GlobalSection(ProjectConfigurationPlatforms) = postSolution
		{5F0EE6C3-1889-4C57-AC89-53D801930056}.Debug|Any CPU.ActiveCfg = Debug|Any CPU
		{5F0EE6C3-1889-4C57-AC89-53D801930056}.Debug|Any CPU.Build.0 = Debug|Any CPU
		{5F0EE6C3-1889-4C57-AC89-53D801930056}.Release|Any CPU.ActiveCfg = Release|Any CPU
		{5F0EE6C3-1889-4C57-AC89-53D801930056}.Release|Any CPU.Build.0 = Release|Any CPU
	EndGlobalSection
	GlobalSection(SolutionProperties) = preSolution
		HideSolutionNode = FALSE
	EndGlobalSection
	GlobalSection(ExtensibilityGlobals) = postSolution
		SolutionGuid = {C70B8CF6-FB1C-4D80-ACAB-AA952355D1F4}
	EndGlobalSection
EndGlobal
