
Microsoft Visual Studio Solution File, Format Version 12.00
# Visual Studio Version 16
VisualStudioVersion = 16.0.29123.88
MinimumVisualStudioVersion = 10.0.40219.1
Project("{FAE04EC0-301F-11D3-BF4B-00C04F79EFBC}") = "frmPrincipalBibliotecaHbsis", "frmPrincipalBibliotecaHbsis\frmPrincipalBibliotecaHbsis.csproj", "{5805E6F9-3D36-47A8-9537-A2B74C907687}"
EndProject
Global
	GlobalSection(SolutionConfigurationPlatforms) = preSolution
		Debug|Any CPU = Debug|Any CPU
		Release|Any CPU = Release|Any CPU
	EndGlobalSection
	GlobalSection(ProjectConfigurationPlatforms) = postSolution
		{5805E6F9-3D36-47A8-9537-A2B74C907687}.Debug|Any CPU.ActiveCfg = Debug|Any CPU
		{5805E6F9-3D36-47A8-9537-A2B74C907687}.Debug|Any CPU.Build.0 = Debug|Any CPU
		{5805E6F9-3D36-47A8-9537-A2B74C907687}.Release|Any CPU.ActiveCfg = Release|Any CPU
		{5805E6F9-3D36-47A8-9537-A2B74C907687}.Release|Any CPU.Build.0 = Release|Any CPU
	EndGlobalSection
	GlobalSection(SolutionProperties) = preSolution
		HideSolutionNode = FALSE
	EndGlobalSection
	GlobalSection(ExtensibilityGlobals) = postSolution
		SolutionGuid = {0556C67A-12CC-46D4-93CE-74E5A66081C5}
	EndGlobalSection
EndGlobal
