
Microsoft Visual Studio Solution File, Format Version 12.00
# Visual Studio Version 16
VisualStudioVersion = 16.0.29020.237
MinimumVisualStudioVersion = 10.0.40219.1
Project("{FAE04EC0-301F-11D3-BF4B-00C04F79EFBC}") = "ListaBiSuperCompacta", "ListaBiSuperCompacta\ListaBiSuperCompacta.csproj", "{94916D4E-3FB3-4EA7-8379-50414CCF5A4A}"
EndProject
Global
	GlobalSection(SolutionConfigurationPlatforms) = preSolution
		Debug|Any CPU = Debug|Any CPU
		Release|Any CPU = Release|Any CPU
	EndGlobalSection
	GlobalSection(ProjectConfigurationPlatforms) = postSolution
		{94916D4E-3FB3-4EA7-8379-50414CCF5A4A}.Debug|Any CPU.ActiveCfg = Debug|Any CPU
		{94916D4E-3FB3-4EA7-8379-50414CCF5A4A}.Debug|Any CPU.Build.0 = Debug|Any CPU
		{94916D4E-3FB3-4EA7-8379-50414CCF5A4A}.Release|Any CPU.ActiveCfg = Release|Any CPU
		{94916D4E-3FB3-4EA7-8379-50414CCF5A4A}.Release|Any CPU.Build.0 = Release|Any CPU
	EndGlobalSection
	GlobalSection(SolutionProperties) = preSolution
		HideSolutionNode = FALSE
	EndGlobalSection
	GlobalSection(ExtensibilityGlobals) = postSolution
		SolutionGuid = {39A8D670-FE50-47AB-9A8B-39A9D1EEBCE3}
	EndGlobalSection
EndGlobal
