
Microsoft Visual Studio Solution File, Format Version 12.00
# Visual Studio Version 16
VisualStudioVersion = 16.0.29020.237
MinimumVisualStudioVersion = 10.0.40219.1
Project("{FAE04EC0-301F-11D3-BF4B-00C04F79EFBC}") = "Operatrs", "Operatrs\Operatrs.csproj", "{7A0CD65B-6455-4B68-878B-DE2232C48652}"
EndProject
Global
	GlobalSection(SolutionConfigurationPlatforms) = preSolution
		Debug|Any CPU = Debug|Any CPU
		Release|Any CPU = Release|Any CPU
	EndGlobalSection
	GlobalSection(ProjectConfigurationPlatforms) = postSolution
		{7A0CD65B-6455-4B68-878B-DE2232C48652}.Debug|Any CPU.ActiveCfg = Debug|Any CPU
		{7A0CD65B-6455-4B68-878B-DE2232C48652}.Debug|Any CPU.Build.0 = Debug|Any CPU
		{7A0CD65B-6455-4B68-878B-DE2232C48652}.Release|Any CPU.ActiveCfg = Release|Any CPU
		{7A0CD65B-6455-4B68-878B-DE2232C48652}.Release|Any CPU.Build.0 = Release|Any CPU
	EndGlobalSection
	GlobalSection(SolutionProperties) = preSolution
		HideSolutionNode = FALSE
	EndGlobalSection
	GlobalSection(ExtensibilityGlobals) = postSolution
		SolutionGuid = {284A6847-525F-40C3-B535-7EE3DCBE1741}
	EndGlobalSection
EndGlobal
