
Microsoft Visual Studio Solution File, Format Version 12.00
# Visual Studio Version 16
VisualStudioVersion = 16.0.29020.237
MinimumVisualStudioVersion = 10.0.40219.1
Project("{FAE04EC0-301F-11D3-BF4B-00C04F79EFBC}") = "CriacaoDeLista", "CriacaoDeLista\CriacaoDeLista.csproj", "{41CAF31F-1E6B-4E7B-BE90-4EBE4E01028B}"
EndProject
Global
	GlobalSection(SolutionConfigurationPlatforms) = preSolution
		Debug|Any CPU = Debug|Any CPU
		Release|Any CPU = Release|Any CPU
	EndGlobalSection
	GlobalSection(ProjectConfigurationPlatforms) = postSolution
		{41CAF31F-1E6B-4E7B-BE90-4EBE4E01028B}.Debug|Any CPU.ActiveCfg = Debug|Any CPU
		{41CAF31F-1E6B-4E7B-BE90-4EBE4E01028B}.Debug|Any CPU.Build.0 = Debug|Any CPU
		{41CAF31F-1E6B-4E7B-BE90-4EBE4E01028B}.Release|Any CPU.ActiveCfg = Release|Any CPU
		{41CAF31F-1E6B-4E7B-BE90-4EBE4E01028B}.Release|Any CPU.Build.0 = Release|Any CPU
	EndGlobalSection
	GlobalSection(SolutionProperties) = preSolution
		HideSolutionNode = FALSE
	EndGlobalSection
	GlobalSection(ExtensibilityGlobals) = postSolution
		SolutionGuid = {35F01D80-733B-4C07-B780-2FC703232C24}
	EndGlobalSection
EndGlobal
