
Microsoft Visual Studio Solution File, Format Version 12.00
# Visual Studio Version 16
VisualStudioVersion = 16.0.29020.237
MinimumVisualStudioVersion = 10.0.40219.1
Project("{FAE04EC0-301F-11D3-BF4B-00C04F79EFBC}") = "HP", "50G\HP.csproj", "{885DA18A-3B59-4404-97D7-545F411BED6E}"
EndProject
Project("{FAE04EC0-301F-11D3-BF4B-00C04F79EFBC}") = "50G", "Calculos\50G.csproj", "{7C394A1F-B456-4CB4-9A51-44FEDA182BCF}"
EndProject
Global
	GlobalSection(SolutionConfigurationPlatforms) = preSolution
		Debug|Any CPU = Debug|Any CPU
		Release|Any CPU = Release|Any CPU
	EndGlobalSection
	GlobalSection(ProjectConfigurationPlatforms) = postSolution
		{885DA18A-3B59-4404-97D7-545F411BED6E}.Debug|Any CPU.ActiveCfg = Debug|Any CPU
		{885DA18A-3B59-4404-97D7-545F411BED6E}.Debug|Any CPU.Build.0 = Debug|Any CPU
		{885DA18A-3B59-4404-97D7-545F411BED6E}.Release|Any CPU.ActiveCfg = Release|Any CPU
		{885DA18A-3B59-4404-97D7-545F411BED6E}.Release|Any CPU.Build.0 = Release|Any CPU
		{7C394A1F-B456-4CB4-9A51-44FEDA182BCF}.Debug|Any CPU.ActiveCfg = Debug|Any CPU
		{7C394A1F-B456-4CB4-9A51-44FEDA182BCF}.Debug|Any CPU.Build.0 = Debug|Any CPU
		{7C394A1F-B456-4CB4-9A51-44FEDA182BCF}.Release|Any CPU.ActiveCfg = Release|Any CPU
		{7C394A1F-B456-4CB4-9A51-44FEDA182BCF}.Release|Any CPU.Build.0 = Release|Any CPU
	EndGlobalSection
	GlobalSection(SolutionProperties) = preSolution
		HideSolutionNode = FALSE
	EndGlobalSection
	GlobalSection(ExtensibilityGlobals) = postSolution
		SolutionGuid = {1248D988-0413-4BB8-AE86-1D9C9A6FB0A8}
	EndGlobalSection
EndGlobal
