
Microsoft Visual Studio Solution File, Format Version 12.00
# Visual Studio Version 16
VisualStudioVersion = 16.0.29020.237
MinimumVisualStudioVersion = 10.0.40219.1
Project("{FAE04EC0-301F-11D3-BF4B-00C04F79EFBC}") = "Listar_meus_carros", "Listar_meus_carros\Listar_meus_carros.csproj", "{53F1D296-15E2-4BB6-904F-FAA1364E80A8}"
EndProject
Global
	GlobalSection(SolutionConfigurationPlatforms) = preSolution
		Debug|Any CPU = Debug|Any CPU
		Release|Any CPU = Release|Any CPU
	EndGlobalSection
	GlobalSection(ProjectConfigurationPlatforms) = postSolution
		{53F1D296-15E2-4BB6-904F-FAA1364E80A8}.Debug|Any CPU.ActiveCfg = Debug|Any CPU
		{53F1D296-15E2-4BB6-904F-FAA1364E80A8}.Debug|Any CPU.Build.0 = Debug|Any CPU
		{53F1D296-15E2-4BB6-904F-FAA1364E80A8}.Release|Any CPU.ActiveCfg = Release|Any CPU
		{53F1D296-15E2-4BB6-904F-FAA1364E80A8}.Release|Any CPU.Build.0 = Release|Any CPU
	EndGlobalSection
	GlobalSection(SolutionProperties) = preSolution
		HideSolutionNode = FALSE
	EndGlobalSection
	GlobalSection(ExtensibilityGlobals) = postSolution
		SolutionGuid = {D0A638A4-473C-4FD3-9AB3-98F0F39268E0}
	EndGlobalSection
EndGlobal
