
Microsoft Visual Studio Solution File, Format Version 12.00
# Visual Studio Version 16
VisualStudioVersion = 16.0.29020.237
MinimumVisualStudioVersion = 10.0.40219.1
Project("{FAE04EC0-301F-11D3-BF4B-00C04F79EFBC}") = "ListaBiManeiraSimplesComClass", "ListaBiManeiraSimplesComClass\ListaBiManeiraSimplesComClass.csproj", "{297AE90B-B464-4F73-9D97-6901EDB7494E}"
EndProject
Global
	GlobalSection(SolutionConfigurationPlatforms) = preSolution
		Debug|Any CPU = Debug|Any CPU
		Release|Any CPU = Release|Any CPU
	EndGlobalSection
	GlobalSection(ProjectConfigurationPlatforms) = postSolution
		{297AE90B-B464-4F73-9D97-6901EDB7494E}.Debug|Any CPU.ActiveCfg = Debug|Any CPU
		{297AE90B-B464-4F73-9D97-6901EDB7494E}.Debug|Any CPU.Build.0 = Debug|Any CPU
		{297AE90B-B464-4F73-9D97-6901EDB7494E}.Release|Any CPU.ActiveCfg = Release|Any CPU
		{297AE90B-B464-4F73-9D97-6901EDB7494E}.Release|Any CPU.Build.0 = Release|Any CPU
	EndGlobalSection
	GlobalSection(SolutionProperties) = preSolution
		HideSolutionNode = FALSE
	EndGlobalSection
	GlobalSection(ExtensibilityGlobals) = postSolution
		SolutionGuid = {90FD311F-B619-4237-A9C1-05D7D4C7AE75}
	EndGlobalSection
EndGlobal
