
Microsoft Visual Studio Solution File, Format Version 12.00
# Visual Studio Version 16
VisualStudioVersion = 16.0.29201.188
MinimumVisualStudioVersion = 10.0.40219.1
Project("{FAE04EC0-301F-11D3-BF4B-00C04F79EFBC}") = "WpfAppBla", "WpfAppBla\WpfAppBla.csproj", "{5B431DF0-9EA1-40ED-8F72-83CAA6C8B353}"
EndProject
Global
	GlobalSection(SolutionConfigurationPlatforms) = preSolution
		Debug|Any CPU = Debug|Any CPU
		Release|Any CPU = Release|Any CPU
	EndGlobalSection
	GlobalSection(ProjectConfigurationPlatforms) = postSolution
		{5B431DF0-9EA1-40ED-8F72-83CAA6C8B353}.Debug|Any CPU.ActiveCfg = Debug|Any CPU
		{5B431DF0-9EA1-40ED-8F72-83CAA6C8B353}.Debug|Any CPU.Build.0 = Debug|Any CPU
		{5B431DF0-9EA1-40ED-8F72-83CAA6C8B353}.Release|Any CPU.ActiveCfg = Release|Any CPU
		{5B431DF0-9EA1-40ED-8F72-83CAA6C8B353}.Release|Any CPU.Build.0 = Release|Any CPU
	EndGlobalSection
	GlobalSection(SolutionProperties) = preSolution
		HideSolutionNode = FALSE
	EndGlobalSection
	GlobalSection(ExtensibilityGlobals) = postSolution
		SolutionGuid = {67E84C36-7957-407F-8523-F457A5DF1E9A}
	EndGlobalSection
EndGlobal
