
Microsoft Visual Studio Solution File, Format Version 12.00
# Visual Studio Version 16
VisualStudioVersion = 16.0.29020.237
MinimumVisualStudioVersion = 10.0.40219.1
Project("{FAE04EC0-301F-11D3-BF4B-00C04F79EFBC}") = "cantininhaGG", "cantininhaGG\cantininhaGG.csproj", "{CDC21753-81F3-4DDC-8E61-A57F8DAAEDD8}"
EndProject
Global
	GlobalSection(SolutionConfigurationPlatforms) = preSolution
		Debug|Any CPU = Debug|Any CPU
		Release|Any CPU = Release|Any CPU
	EndGlobalSection
	GlobalSection(ProjectConfigurationPlatforms) = postSolution
		{CDC21753-81F3-4DDC-8E61-A57F8DAAEDD8}.Debug|Any CPU.ActiveCfg = Debug|Any CPU
		{CDC21753-81F3-4DDC-8E61-A57F8DAAEDD8}.Debug|Any CPU.Build.0 = Debug|Any CPU
		{CDC21753-81F3-4DDC-8E61-A57F8DAAEDD8}.Release|Any CPU.ActiveCfg = Release|Any CPU
		{CDC21753-81F3-4DDC-8E61-A57F8DAAEDD8}.Release|Any CPU.Build.0 = Release|Any CPU
	EndGlobalSection
	GlobalSection(SolutionProperties) = preSolution
		HideSolutionNode = FALSE
	EndGlobalSection
	GlobalSection(ExtensibilityGlobals) = postSolution
		SolutionGuid = {5215FAE2-2009-44EB-8C11-CD35B1CD3748}
	EndGlobalSection
EndGlobal
